{
  "nodes": {
    "kbd-intl-ng-repo": {
      "flake": false,
      "locked": {
        "lastModified": 1543352437,
        "narHash": "sha256-dh+p7GrWRofEZqmM4RMWljwv4OEdLJvHmkRRA0eSCKA=",
        "owner": "Duncaen",
        "repo": "kbd-intl-ng",
        "rev": "18a20afff7b55f8f85488d93b521eea58031ccd0",
        "type": "github"
      },
      "original": {
        "owner": "Duncaen",
        "repo": "kbd-intl-ng",
        "type": "github"
      }
    },
    "nixos": {
      "locked": {
        "lastModified": 1668281765,
        "narHash": "sha256-6Tuj9CZ9HacMk7FJ8sF9XSVTBnUhVzlSY40Jo1krIaQ=",
        "owner": "nixos",
        "repo": "nixpkgs",
        "rev": "c5091eec689acc45d4d818109236da31d3685ca2",
        "type": "github"
      },
      "original": {
        "owner": "nixos",
        "ref": "nixos-22.05",
        "repo": "nixpkgs",
        "type": "github"
      }
    },
    "root": {
      "inputs": {
        "kbd-intl-ng-repo": "kbd-intl-ng-repo",
        "nixos": "nixos"
      }
    }
  },
  "root": "root",
  "version": 7
}
