{
  "nodes": {
    "kbd-intl-ng-repo": {
      "flake": false,
      "locked": {
        "lastModified": 1543352437,
        "narHash": "sha256-dh+p7GrWRofEZqmM4RMWljwv4OEdLJvHmkRRA0eSCKA=",
        "owner": "Duncaen",
        "repo": "kbd-intl-ng",
        "rev": "18a20afff7b55f8f85488d93b521eea58031ccd0",
        "type": "github"
      },
      "original": {
        "owner": "Duncaen",
        "repo": "kbd-intl-ng",
        "type": "github"
      }
    },
    "nixos": {
      "locked": {
        "lastModified": 1688392541,
        "narHash": "sha256-lHrKvEkCPTUO+7tPfjIcb7Trk6k31rz18vkyqmkeJfY=",
        "owner": "nixos",
        "repo": "nixpkgs",
        "rev": "ea4c80b39be4c09702b0cb3b42eab59e2ba4f24b",
        "type": "github"
      },
      "original": {
        "owner": "nixos",
        "ref": "nixos-22.11",
        "repo": "nixpkgs",
        "type": "github"
      }
    },
    "root": {
      "inputs": {
        "kbd-intl-ng-repo": "kbd-intl-ng-repo",
        "nixos": "nixos"
      }
    }
  },
  "root": "root",
  "version": 7
}
