{
  "nodes": {
    "kbd-intl-ng-repo": {
      "flake": false,
      "locked": {
        "lastModified": 1543352437,
        "narHash": "sha256-dh+p7GrWRofEZqmM4RMWljwv4OEdLJvHmkRRA0eSCKA=",
        "owner": "Duncaen",
        "repo": "kbd-intl-ng",
        "rev": "18a20afff7b55f8f85488d93b521eea58031ccd0",
        "type": "github"
      },
      "original": {
        "owner": "Duncaen",
        "repo": "kbd-intl-ng",
        "type": "github"
      }
    },
    "nixos": {
      "locked": {
        "lastModified": 1684171562,
        "narHash": "sha256-BMUWjVWAUdyMWKk0ATMC9H0Bv4qAV/TXwwPUvTiC5IQ=",
        "owner": "nixos",
        "repo": "nixpkgs",
        "rev": "55af203d468a6f5032a519cba4f41acf5a74b638",
        "type": "github"
      },
      "original": {
        "owner": "nixos",
        "ref": "nixos-22.11",
        "repo": "nixpkgs",
        "type": "github"
      }
    },
    "root": {
      "inputs": {
        "kbd-intl-ng-repo": "kbd-intl-ng-repo",
        "nixos": "nixos"
      }
    }
  },
  "root": "root",
  "version": 7
}
